
Microsoft Visual Studio Solution File, Format Version 12.00
# Visual Studio 15
Project("{FAE04EC0-301F-11D3-BF4B-00C04F79EFBC}") = "Assembly-CSharp", "Assembly-CSharp.csproj", "{EE8BFA2A-BF47-E23D-C711-2D88CCEBE36D}"
EndProject
Project("{FAE04EC0-301F-11D3-BF4B-00C04F79EFBC}") = "Assembly-CSharp-Editor", "Assembly-CSharp-Editor.csproj", "{64318E20-7288-DE79-7155-39A654DEAC9F}"
EndProject
Global
	GlobalSection(SolutionConfigurationPlatforms) = preSolution
		Debug|Any CPU = Debug|Any CPU
		Release|Any CPU = Release|Any CPU
	EndGlobalSection
	GlobalSection(ProjectConfigurationPlatforms) = postSolution
		{EE8BFA2A-BF47-E23D-C711-2D88CCEBE36D}.Debug|Any CPU.ActiveCfg = Debug|Any CPU
		{EE8BFA2A-BF47-E23D-C711-2D88CCEBE36D}.Debug|Any CPU.Build.0 = Debug|Any CPU
		{EE8BFA2A-BF47-E23D-C711-2D88CCEBE36D}.Release|Any CPU.ActiveCfg = Release|Any CPU
		{EE8BFA2A-BF47-E23D-C711-2D88CCEBE36D}.Release|Any CPU.Build.0 = Release|Any CPU
		{64318E20-7288-DE79-7155-39A654DEAC9F}.Debug|Any CPU.ActiveCfg = Debug|Any CPU
		{64318E20-7288-DE79-7155-39A654DEAC9F}.Debug|Any CPU.Build.0 = Debug|Any CPU
		{64318E20-7288-DE79-7155-39A654DEAC9F}.Release|Any CPU.ActiveCfg = Release|Any CPU
		{64318E20-7288-DE79-7155-39A654DEAC9F}.Release|Any CPU.Build.0 = Release|Any CPU
	EndGlobalSection
	GlobalSection(SolutionProperties) = preSolution
		HideSolutionNode = FALSE
	EndGlobalSection
EndGlobal
