
Microsoft Visual Studio Solution File, Format Version 12.00
# Visual Studio 15
Project("{FAE04EC0-301F-11D3-BF4B-00C04F79EFBC}") = "Assembly-CSharp", "Assembly-CSharp.csproj", "{C2885014-2B2C-D61E-6FA0-E6CB7EC3CCFA}"
EndProject
Project("{FAE04EC0-301F-11D3-BF4B-00C04F79EFBC}") = "Assembly-CSharp-Editor", "Assembly-CSharp-Editor.csproj", "{9B298C91-9C2F-96D2-C85F-1595C2445B57}"
EndProject
Global
	GlobalSection(SolutionConfigurationPlatforms) = preSolution
		Debug|Any CPU = Debug|Any CPU
		Release|Any CPU = Release|Any CPU
	EndGlobalSection
	GlobalSection(ProjectConfigurationPlatforms) = postSolution
		{C2885014-2B2C-D61E-6FA0-E6CB7EC3CCFA}.Debug|Any CPU.ActiveCfg = Debug|Any CPU
		{C2885014-2B2C-D61E-6FA0-E6CB7EC3CCFA}.Debug|Any CPU.Build.0 = Debug|Any CPU
		{C2885014-2B2C-D61E-6FA0-E6CB7EC3CCFA}.Release|Any CPU.ActiveCfg = Release|Any CPU
		{C2885014-2B2C-D61E-6FA0-E6CB7EC3CCFA}.Release|Any CPU.Build.0 = Release|Any CPU
		{9B298C91-9C2F-96D2-C85F-1595C2445B57}.Debug|Any CPU.ActiveCfg = Debug|Any CPU
		{9B298C91-9C2F-96D2-C85F-1595C2445B57}.Debug|Any CPU.Build.0 = Debug|Any CPU
		{9B298C91-9C2F-96D2-C85F-1595C2445B57}.Release|Any CPU.ActiveCfg = Release|Any CPU
		{9B298C91-9C2F-96D2-C85F-1595C2445B57}.Release|Any CPU.Build.0 = Release|Any CPU
	EndGlobalSection
	GlobalSection(SolutionProperties) = preSolution
		HideSolutionNode = FALSE
	EndGlobalSection
EndGlobal
