
Microsoft Visual Studio Solution File, Format Version 12.00
# Visual Studio 15
Project("{FAE04EC0-301F-11D3-BF4B-00C04F79EFBC}") = "NeuroCave", "Assembly-CSharp.csproj", "{55315011-B089-666A-4F86-10CBE9DD467E}"
EndProject
Project("{FAE04EC0-301F-11D3-BF4B-00C04F79EFBC}") = "NeuroCave", "Assembly-CSharp-Editor.csproj", "{07E73068-87FF-83D0-DA31-EB09F4C1F221}"
EndProject
Global
	GlobalSection(SolutionConfigurationPlatforms) = preSolution
		Debug|Any CPU = Debug|Any CPU
		Release|Any CPU = Release|Any CPU
	EndGlobalSection
	GlobalSection(ProjectConfigurationPlatforms) = postSolution
		{55315011-B089-666A-4F86-10CBE9DD467E}.Debug|Any CPU.ActiveCfg = Debug|Any CPU
		{55315011-B089-666A-4F86-10CBE9DD467E}.Debug|Any CPU.Build.0 = Debug|Any CPU
		{55315011-B089-666A-4F86-10CBE9DD467E}.Release|Any CPU.ActiveCfg = Release|Any CPU
		{55315011-B089-666A-4F86-10CBE9DD467E}.Release|Any CPU.Build.0 = Release|Any CPU
		{07E73068-87FF-83D0-DA31-EB09F4C1F221}.Debug|Any CPU.ActiveCfg = Debug|Any CPU
		{07E73068-87FF-83D0-DA31-EB09F4C1F221}.Debug|Any CPU.Build.0 = Debug|Any CPU
		{07E73068-87FF-83D0-DA31-EB09F4C1F221}.Release|Any CPU.ActiveCfg = Release|Any CPU
		{07E73068-87FF-83D0-DA31-EB09F4C1F221}.Release|Any CPU.Build.0 = Release|Any CPU
	EndGlobalSection
	GlobalSection(SolutionProperties) = preSolution
		HideSolutionNode = FALSE
	EndGlobalSection
EndGlobal
